
Microsoft Visual Studio Solution File, Format Version 12.00
# Visual Studio Version 17
VisualStudioVersion = 17.0.31912.275
MinimumVisualStudioVersion = 10.0.40219.1
Project("{9A19103F-16F7-4668-BE54-9A1E7A4F7556}") = "UtilClasses", "..\UtilClasses\UtilClasses\UtilClasses.csproj", "{3BBA3150-E309-4A51-81F9-42B8F4F99A6B}"
EndProject
Project("{9A19103F-16F7-4668-BE54-9A1E7A4F7556}") = "DrawSql", "DrawSql\DrawSql.csproj", "{6DAF227E-3E06-496E-B44E-7F9DE55AA8C5}"
EndProject
Project("{9A19103F-16F7-4668-BE54-9A1E7A4F7556}") = "Common.Interfaces", "..\Shared\Common.Interfaces\Common.Interfaces.csproj", "{B0A29D20-587D-45EF-AAFD-D3134C16D8BD}"
EndProject
Project("{2150E333-8FDC-42A3-9474-1A3956D46DE8}") = "Shared", "Shared", "{D96E285E-51B0-43C0-9B41-FB37510749BE}"
EndProject
Project("{9A19103F-16F7-4668-BE54-9A1E7A4F7556}") = "UtilClasses.Db", "..\UtilClasses\UtilClasses.Db\UtilClasses.Db.csproj", "{5579D515-128C-4A7A-915A-12062B57F5C3}"
EndProject
Project("{9A19103F-16F7-4668-BE54-9A1E7A4F7556}") = "SupplyChain.Dto", "SupplyChain.Dto\SupplyChain.Dto.csproj", "{25A79CBC-2EF6-4843-8B97-C1F28FE30EDF}"
EndProject
Project("{9A19103F-16F7-4668-BE54-9A1E7A4F7556}") = "SupplyChain.Constants", "SupplyChain.Constants\SupplyChain.Constants.csproj", "{D11EBDBC-2A12-41BB-9160-760CB3BBE3AE}"
EndProject
Project("{9A19103F-16F7-4668-BE54-9A1E7A4F7556}") = "SupplyChain", "SupplyChain\SupplyChain.csproj", "{3D8D25D6-F754-406E-A17A-E1A37B9BA380}"
EndProject
Project("{9A19103F-16F7-4668-BE54-9A1E7A4F7556}") = "UtilClasses.CodeGen", "..\UtilClasses\UtilClasses.CodeGen\UtilClasses.CodeGen.csproj", "{187C77B9-5D6A-4D46-A52A-90AFC570FF49}"
EndProject
Project("{FAE04EC0-301F-11D3-BF4B-00C04F79EFBC}") = "ScriptOMatic", "ScriptOMatic\ScriptOMatic.csproj", "{46502A1B-FBE2-4667-8293-B35D548E6A15}"
EndProject
Project("{FAE04EC0-301F-11D3-BF4B-00C04F79EFBC}") = "UtilClasses.Winforms", "..\UtilClasses\UtilClasses.Winforms\UtilClasses.Winforms.csproj", "{F33180D9-8271-487F-B2EB-1FD8230A7529}"
EndProject
Project("{9A19103F-16F7-4668-BE54-9A1E7A4F7556}") = "ScriptOMatic.Generate", "ScriptOMatic.Generate\ScriptOMatic.Generate.csproj", "{C8C8573D-906D-4214-87A4-0D13B091CE7F}"
EndProject
Project("{FAE04EC0-301F-11D3-BF4B-00C04F79EFBC}") = "FreePin", "FreePin\FreePin.csproj", "{0949FCCB-977D-45A9-9466-35D57BF688FC}"
EndProject
Project("{FAE04EC0-301F-11D3-BF4B-00C04F79EFBC}") = "SupplyChain.Dto.Extensions", "SupplyChain.Dto.Extensions\SupplyChain.Dto.Extensions.csproj", "{6E583845-3560-4E20-B0D0-C2B92B6515E2}"
EndProject
Project("{FAE04EC0-301F-11D3-BF4B-00C04F79EFBC}") = "EspStackTracer", "EspStackTracer\EspStackTracer.csproj", "{DDD50C0C-FDF9-47D1-BB3A-E338420D9491}"
EndProject
Project("{9A19103F-16F7-4668-BE54-9A1E7A4F7556}") = "QuickCheck", "QuickCheck\QuickCheck.csproj", "{442CC8EB-B807-49CB-8E78-3BDE66662832}"
EndProject
Project("{9A19103F-16F7-4668-BE54-9A1E7A4F7556}") = "SQLInjector", "SQLInjector\SQLInjector.csproj", "{BBC83CBB-8E89-4885-A58A-13867A29EA51}"
EndProject
Project("{2150E333-8FDC-42A3-9474-1A3956D46DE8}") = "Tests", "Tests", "{95036337-2690-4EAB-A0E8-BA845AC8605A}"
EndProject
Project("{9A19103F-16F7-4668-BE54-9A1E7A4F7556}") = "UtilClasses.Tests", "..\UtilClasses\UtilClasses.Tests\UtilClasses.Tests.csproj", "{B4F0536B-5869-49D7-8DB0-E639E1FC0E8B}"
EndProject
Project("{9A19103F-16F7-4668-BE54-9A1E7A4F7556}") = "UtilClasses.WebClient", "..\UtilClasses\UtilClasses.WebClient\UtilClasses.WebClient.csproj", "{BEDC55A3-DC4D-4430-BE15-DEB3246DFE3F}"
EndProject
Project("{FAE04EC0-301F-11D3-BF4B-00C04F79EFBC}") = "CaptainHook", "CaptainHook\CaptainHook.csproj", "{0B525568-2EDA-45E0-89BD-3B66FEFDB7B1}"
EndProject
Project("{FAE04EC0-301F-11D3-BF4B-00C04F79EFBC}") = "BuildRevisionFixer", "BuildRevisionFixer\BuildRevisionFixer.csproj", "{17959EA0-0F41-4741-B9B6-44592294B203}"
EndProject
Project("{FAE04EC0-301F-11D3-BF4B-00C04F79EFBC}") = "UtilClasses.Plugins", "..\UtilClasses\UtilClasses.Plugins\UtilClasses.Plugins.csproj", "{A0D80F31-70D7-4BCD-B4C2-F2D680B11018}"
EndProject
Project("{FAE04EC0-301F-11D3-BF4B-00C04F79EFBC}") = "UtilClasses.Plugins.Load", "..\UtilClasses\UtilClasses.Plugin.Load\UtilClasses.Plugins.Load.csproj", "{312A8A49-2C35-4A0B-B6AA-9B840843C9BF}"
EndProject
Project("{9A19103F-16F7-4668-BE54-9A1E7A4F7556}") = "UtilClasses.Dataflow", "..\UtilClasses\UtilClasses.Tpl\UtilClasses.Dataflow.csproj", "{F9AD6110-7E81-4324-B79F-41B55D384279}"
EndProject
Project("{FAE04EC0-301F-11D3-BF4B-00C04F79EFBC}") = "ZipSolution", "ZipSolution\ZipSolution.csproj", "{1F2E4318-D7B9-4F4E-B07E-FC82F6072DDB}"
EndProject
Project("{FAE04EC0-301F-11D3-BF4B-00C04F79EFBC}") = "WhatDidIBuy", "WhatDidIBuy\WhatDidIBuy.csproj", "{55514755-023F-46D1-A1A0-D5055BC4507F}"
EndProject
Project("{FAE04EC0-301F-11D3-BF4B-00C04F79EFBC}") = "ScrabblePoints", "ScrabblePoints\ScrabblePoints.csproj", "{9C3AA445-6FC4-414F-9408-49ABAE8D639A}"
EndProject
Project("{9A19103F-16F7-4668-BE54-9A1E7A4F7556}") = "Common.Dto", "..\Shared\Common.Dto\Common.Dto.csproj", "{82F16AE9-74FD-4B43-99F7-F232EDC8768A}"
EndProject
Project("{FAE04EC0-301F-11D3-BF4B-00C04F79EFBC}") = "Stamper", "Stamper\Stamper.csproj", "{46577FC4-DDE7-4F93-A398-74D77998CEC1}"
EndProject
Project("{9A19103F-16F7-4668-BE54-9A1E7A4F7556}") = "BomHelper", "BomHelper\BomHelper.csproj", "{E0020793-4CEE-47FF-9A6A-FEB02B7CC891}"
EndProject
Project("{2150E333-8FDC-42A3-9474-1A3956D46DE8}") = "Lib", "Lib", "{B76DB9EF-60FD-4550-AFDF-B5EB2E7512BF}"
EndProject
Project("{FAE04EC0-301F-11D3-BF4B-00C04F79EFBC}") = "ApiClient", "..\Lib\Source\DigiKey\ApiClient\ApiClient.csproj", "{698FF1D6-2F24-4FB6-AE59-047F567D97BA}"
EndProject
Project("{9A19103F-16F7-4668-BE54-9A1E7A4F7556}") = "SourceFu", "SourceFu\SourceFu.csproj", "{0CF417EA-9068-4543-9807-A4BF6C849556}"
EndProject
Project("{9A19103F-16F7-4668-BE54-9A1E7A4F7556}") = "SourceFuLib", "SourceFuLib\SourceFuLib.csproj", "{819814AB-39CC-4D97-9830-4783EC85990B}"
EndProject
Project("{9A19103F-16F7-4668-BE54-9A1E7A4F7556}") = "InterviewQuestions", "InterviewQuestions\InterviewQuestions.csproj", "{B460B836-4EBD-4A13-8420-09E074B315B9}"
EndProject
Project("{9A19103F-16F7-4668-BE54-9A1E7A4F7556}") = "UtilClasses.Interfaces", "..\Utilclasses\UtilClasses.Interfaces\UtilClasses.Interfaces.csproj", "{37E1B544-0B86-4325-8D53-9CA514161CD2}"
EndProject
Project("{9A19103F-16F7-4668-BE54-9A1E7A4F7556}") = "UtilClasses.Dto", "..\Utilclasses\UtilClasses.Dto\UtilClasses.Dto.csproj", "{6F7389D2-0437-4BD1-BE3C-FDFCE7B4D117}"
EndProject
Global
	GlobalSection(SolutionConfigurationPlatforms) = preSolution
		Debug|Any CPU = Debug|Any CPU
		Debug|x64 = Debug|x64
		Debug|x86 = Debug|x86
		Release|Any CPU = Release|Any CPU
		Release|x64 = Release|x64
		Release|x86 = Release|x86
	EndGlobalSection
	GlobalSection(ProjectConfigurationPlatforms) = postSolution
		{3BBA3150-E309-4A51-81F9-42B8F4F99A6B}.Debug|Any CPU.ActiveCfg = Debug|Any CPU
		{3BBA3150-E309-4A51-81F9-42B8F4F99A6B}.Debug|Any CPU.Build.0 = Debug|Any CPU
		{3BBA3150-E309-4A51-81F9-42B8F4F99A6B}.Debug|x64.ActiveCfg = Debug|Any CPU
		{3BBA3150-E309-4A51-81F9-42B8F4F99A6B}.Debug|x64.Build.0 = Debug|Any CPU
		{3BBA3150-E309-4A51-81F9-42B8F4F99A6B}.Debug|x86.ActiveCfg = Debug|x86
		{3BBA3150-E309-4A51-81F9-42B8F4F99A6B}.Debug|x86.Build.0 = Debug|x86
		{3BBA3150-E309-4A51-81F9-42B8F4F99A6B}.Release|Any CPU.ActiveCfg = Release|Any CPU
		{3BBA3150-E309-4A51-81F9-42B8F4F99A6B}.Release|Any CPU.Build.0 = Release|Any CPU
		{3BBA3150-E309-4A51-81F9-42B8F4F99A6B}.Release|x64.ActiveCfg = Release|Any CPU
		{3BBA3150-E309-4A51-81F9-42B8F4F99A6B}.Release|x64.Build.0 = Release|Any CPU
		{3BBA3150-E309-4A51-81F9-42B8F4F99A6B}.Release|x86.ActiveCfg = Release|x86
		{3BBA3150-E309-4A51-81F9-42B8F4F99A6B}.Release|x86.Build.0 = Release|x86
		{6DAF227E-3E06-496E-B44E-7F9DE55AA8C5}.Debug|Any CPU.ActiveCfg = Debug|Any CPU
		{6DAF227E-3E06-496E-B44E-7F9DE55AA8C5}.Debug|Any CPU.Build.0 = Debug|Any CPU
		{6DAF227E-3E06-496E-B44E-7F9DE55AA8C5}.Debug|x64.ActiveCfg = Debug|Any CPU
		{6DAF227E-3E06-496E-B44E-7F9DE55AA8C5}.Debug|x64.Build.0 = Debug|Any CPU
		{6DAF227E-3E06-496E-B44E-7F9DE55AA8C5}.Debug|x86.ActiveCfg = Debug|Any CPU
		{6DAF227E-3E06-496E-B44E-7F9DE55AA8C5}.Debug|x86.Build.0 = Debug|Any CPU
		{6DAF227E-3E06-496E-B44E-7F9DE55AA8C5}.Release|Any CPU.ActiveCfg = Release|Any CPU
		{6DAF227E-3E06-496E-B44E-7F9DE55AA8C5}.Release|Any CPU.Build.0 = Release|Any CPU
		{6DAF227E-3E06-496E-B44E-7F9DE55AA8C5}.Release|x64.ActiveCfg = Release|Any CPU
		{6DAF227E-3E06-496E-B44E-7F9DE55AA8C5}.Release|x64.Build.0 = Release|Any CPU
		{6DAF227E-3E06-496E-B44E-7F9DE55AA8C5}.Release|x86.ActiveCfg = Release|Any CPU
		{6DAF227E-3E06-496E-B44E-7F9DE55AA8C5}.Release|x86.Build.0 = Release|Any CPU
		{B0A29D20-587D-45EF-AAFD-D3134C16D8BD}.Debug|Any CPU.ActiveCfg = Debug|Any CPU
		{B0A29D20-587D-45EF-AAFD-D3134C16D8BD}.Debug|Any CPU.Build.0 = Debug|Any CPU
		{B0A29D20-587D-45EF-AAFD-D3134C16D8BD}.Debug|x64.ActiveCfg = Debug|Any CPU
		{B0A29D20-587D-45EF-AAFD-D3134C16D8BD}.Debug|x64.Build.0 = Debug|Any CPU
		{B0A29D20-587D-45EF-AAFD-D3134C16D8BD}.Debug|x86.ActiveCfg = Debug|Any CPU
		{B0A29D20-587D-45EF-AAFD-D3134C16D8BD}.Debug|x86.Build.0 = Debug|Any CPU
		{B0A29D20-587D-45EF-AAFD-D3134C16D8BD}.Release|Any CPU.ActiveCfg = Release|Any CPU
		{B0A29D20-587D-45EF-AAFD-D3134C16D8BD}.Release|Any CPU.Build.0 = Release|Any CPU
		{B0A29D20-587D-45EF-AAFD-D3134C16D8BD}.Release|x64.ActiveCfg = Release|Any CPU
		{B0A29D20-587D-45EF-AAFD-D3134C16D8BD}.Release|x64.Build.0 = Release|Any CPU
		{B0A29D20-587D-45EF-AAFD-D3134C16D8BD}.Release|x86.ActiveCfg = Release|Any CPU
		{B0A29D20-587D-45EF-AAFD-D3134C16D8BD}.Release|x86.Build.0 = Release|Any CPU
		{5579D515-128C-4A7A-915A-12062B57F5C3}.Debug|Any CPU.ActiveCfg = Debug|Any CPU
		{5579D515-128C-4A7A-915A-12062B57F5C3}.Debug|Any CPU.Build.0 = Debug|Any CPU
		{5579D515-128C-4A7A-915A-12062B57F5C3}.Debug|x64.ActiveCfg = Debug|Any CPU
		{5579D515-128C-4A7A-915A-12062B57F5C3}.Debug|x64.Build.0 = Debug|Any CPU
		{5579D515-128C-4A7A-915A-12062B57F5C3}.Debug|x86.ActiveCfg = Debug|Any CPU
		{5579D515-128C-4A7A-915A-12062B57F5C3}.Debug|x86.Build.0 = Debug|Any CPU
		{5579D515-128C-4A7A-915A-12062B57F5C3}.Release|Any CPU.ActiveCfg = Release|Any CPU
		{5579D515-128C-4A7A-915A-12062B57F5C3}.Release|Any CPU.Build.0 = Release|Any CPU
		{5579D515-128C-4A7A-915A-12062B57F5C3}.Release|x64.ActiveCfg = Release|Any CPU
		{5579D515-128C-4A7A-915A-12062B57F5C3}.Release|x64.Build.0 = Release|Any CPU
		{5579D515-128C-4A7A-915A-12062B57F5C3}.Release|x86.ActiveCfg = Release|Any CPU
		{5579D515-128C-4A7A-915A-12062B57F5C3}.Release|x86.Build.0 = Release|Any CPU
		{25A79CBC-2EF6-4843-8B97-C1F28FE30EDF}.Debug|Any CPU.ActiveCfg = Debug|Any CPU
		{25A79CBC-2EF6-4843-8B97-C1F28FE30EDF}.Debug|Any CPU.Build.0 = Debug|Any CPU
		{25A79CBC-2EF6-4843-8B97-C1F28FE30EDF}.Debug|x64.ActiveCfg = Debug|Any CPU
		{25A79CBC-2EF6-4843-8B97-C1F28FE30EDF}.Debug|x64.Build.0 = Debug|Any CPU
		{25A79CBC-2EF6-4843-8B97-C1F28FE30EDF}.Debug|x86.ActiveCfg = Debug|Any CPU
		{25A79CBC-2EF6-4843-8B97-C1F28FE30EDF}.Debug|x86.Build.0 = Debug|Any CPU
		{25A79CBC-2EF6-4843-8B97-C1F28FE30EDF}.Release|Any CPU.ActiveCfg = Release|Any CPU
		{25A79CBC-2EF6-4843-8B97-C1F28FE30EDF}.Release|Any CPU.Build.0 = Release|Any CPU
		{25A79CBC-2EF6-4843-8B97-C1F28FE30EDF}.Release|x64.ActiveCfg = Release|Any CPU
		{25A79CBC-2EF6-4843-8B97-C1F28FE30EDF}.Release|x64.Build.0 = Release|Any CPU
		{25A79CBC-2EF6-4843-8B97-C1F28FE30EDF}.Release|x86.ActiveCfg = Release|Any CPU
		{25A79CBC-2EF6-4843-8B97-C1F28FE30EDF}.Release|x86.Build.0 = Release|Any CPU
		{D11EBDBC-2A12-41BB-9160-760CB3BBE3AE}.Debug|Any CPU.ActiveCfg = Debug|Any CPU
		{D11EBDBC-2A12-41BB-9160-760CB3BBE3AE}.Debug|Any CPU.Build.0 = Debug|Any CPU
		{D11EBDBC-2A12-41BB-9160-760CB3BBE3AE}.Debug|x64.ActiveCfg = Debug|Any CPU
		{D11EBDBC-2A12-41BB-9160-760CB3BBE3AE}.Debug|x64.Build.0 = Debug|Any CPU
		{D11EBDBC-2A12-41BB-9160-760CB3BBE3AE}.Debug|x86.ActiveCfg = Debug|Any CPU
		{D11EBDBC-2A12-41BB-9160-760CB3BBE3AE}.Debug|x86.Build.0 = Debug|Any CPU
		{D11EBDBC-2A12-41BB-9160-760CB3BBE3AE}.Release|Any CPU.ActiveCfg = Release|Any CPU
		{D11EBDBC-2A12-41BB-9160-760CB3BBE3AE}.Release|Any CPU.Build.0 = Release|Any CPU
		{D11EBDBC-2A12-41BB-9160-760CB3BBE3AE}.Release|x64.ActiveCfg = Release|Any CPU
		{D11EBDBC-2A12-41BB-9160-760CB3BBE3AE}.Release|x64.Build.0 = Release|Any CPU
		{D11EBDBC-2A12-41BB-9160-760CB3BBE3AE}.Release|x86.ActiveCfg = Release|Any CPU
		{D11EBDBC-2A12-41BB-9160-760CB3BBE3AE}.Release|x86.Build.0 = Release|Any CPU
		{3D8D25D6-F754-406E-A17A-E1A37B9BA380}.Debug|Any CPU.ActiveCfg = Debug|Any CPU
		{3D8D25D6-F754-406E-A17A-E1A37B9BA380}.Debug|Any CPU.Build.0 = Debug|Any CPU
		{3D8D25D6-F754-406E-A17A-E1A37B9BA380}.Debug|x64.ActiveCfg = Debug|Any CPU
		{3D8D25D6-F754-406E-A17A-E1A37B9BA380}.Debug|x64.Build.0 = Debug|Any CPU
		{3D8D25D6-F754-406E-A17A-E1A37B9BA380}.Debug|x86.ActiveCfg = Debug|Any CPU
		{3D8D25D6-F754-406E-A17A-E1A37B9BA380}.Debug|x86.Build.0 = Debug|Any CPU
		{3D8D25D6-F754-406E-A17A-E1A37B9BA380}.Release|Any CPU.ActiveCfg = Release|Any CPU
		{3D8D25D6-F754-406E-A17A-E1A37B9BA380}.Release|Any CPU.Build.0 = Release|Any CPU
		{3D8D25D6-F754-406E-A17A-E1A37B9BA380}.Release|x64.ActiveCfg = Release|Any CPU
		{3D8D25D6-F754-406E-A17A-E1A37B9BA380}.Release|x64.Build.0 = Release|Any CPU
		{3D8D25D6-F754-406E-A17A-E1A37B9BA380}.Release|x86.ActiveCfg = Release|Any CPU
		{3D8D25D6-F754-406E-A17A-E1A37B9BA380}.Release|x86.Build.0 = Release|Any CPU
		{187C77B9-5D6A-4D46-A52A-90AFC570FF49}.Debug|Any CPU.ActiveCfg = Debug|Any CPU
		{187C77B9-5D6A-4D46-A52A-90AFC570FF49}.Debug|Any CPU.Build.0 = Debug|Any CPU
		{187C77B9-5D6A-4D46-A52A-90AFC570FF49}.Debug|x64.ActiveCfg = Debug|Any CPU
		{187C77B9-5D6A-4D46-A52A-90AFC570FF49}.Debug|x64.Build.0 = Debug|Any CPU
		{187C77B9-5D6A-4D46-A52A-90AFC570FF49}.Debug|x86.ActiveCfg = Debug|Any CPU
		{187C77B9-5D6A-4D46-A52A-90AFC570FF49}.Debug|x86.Build.0 = Debug|Any CPU
		{187C77B9-5D6A-4D46-A52A-90AFC570FF49}.Release|Any CPU.ActiveCfg = Release|Any CPU
		{187C77B9-5D6A-4D46-A52A-90AFC570FF49}.Release|Any CPU.Build.0 = Release|Any CPU
		{187C77B9-5D6A-4D46-A52A-90AFC570FF49}.Release|x64.ActiveCfg = Release|Any CPU
		{187C77B9-5D6A-4D46-A52A-90AFC570FF49}.Release|x64.Build.0 = Release|Any CPU
		{187C77B9-5D6A-4D46-A52A-90AFC570FF49}.Release|x86.ActiveCfg = Release|Any CPU
		{187C77B9-5D6A-4D46-A52A-90AFC570FF49}.Release|x86.Build.0 = Release|Any CPU
		{46502A1B-FBE2-4667-8293-B35D548E6A15}.Debug|Any CPU.ActiveCfg = Debug|Any CPU
		{46502A1B-FBE2-4667-8293-B35D548E6A15}.Debug|Any CPU.Build.0 = Debug|Any CPU
		{46502A1B-FBE2-4667-8293-B35D548E6A15}.Debug|x64.ActiveCfg = Debug|Any CPU
		{46502A1B-FBE2-4667-8293-B35D548E6A15}.Debug|x64.Build.0 = Debug|Any CPU
		{46502A1B-FBE2-4667-8293-B35D548E6A15}.Debug|x86.ActiveCfg = Debug|Any CPU
		{46502A1B-FBE2-4667-8293-B35D548E6A15}.Debug|x86.Build.0 = Debug|Any CPU
		{46502A1B-FBE2-4667-8293-B35D548E6A15}.Release|Any CPU.ActiveCfg = Release|Any CPU
		{46502A1B-FBE2-4667-8293-B35D548E6A15}.Release|Any CPU.Build.0 = Release|Any CPU
		{46502A1B-FBE2-4667-8293-B35D548E6A15}.Release|x64.ActiveCfg = Release|Any CPU
		{46502A1B-FBE2-4667-8293-B35D548E6A15}.Release|x64.Build.0 = Release|Any CPU
		{46502A1B-FBE2-4667-8293-B35D548E6A15}.Release|x86.ActiveCfg = Release|Any CPU
		{46502A1B-FBE2-4667-8293-B35D548E6A15}.Release|x86.Build.0 = Release|Any CPU
		{F33180D9-8271-487F-B2EB-1FD8230A7529}.Debug|Any CPU.ActiveCfg = Debug|Any CPU
		{F33180D9-8271-487F-B2EB-1FD8230A7529}.Debug|Any CPU.Build.0 = Debug|Any CPU
		{F33180D9-8271-487F-B2EB-1FD8230A7529}.Debug|x64.ActiveCfg = Debug|Any CPU
		{F33180D9-8271-487F-B2EB-1FD8230A7529}.Debug|x64.Build.0 = Debug|Any CPU
		{F33180D9-8271-487F-B2EB-1FD8230A7529}.Debug|x86.ActiveCfg = Debug|Any CPU
		{F33180D9-8271-487F-B2EB-1FD8230A7529}.Debug|x86.Build.0 = Debug|Any CPU
		{F33180D9-8271-487F-B2EB-1FD8230A7529}.Release|Any CPU.ActiveCfg = Release|Any CPU
		{F33180D9-8271-487F-B2EB-1FD8230A7529}.Release|Any CPU.Build.0 = Release|Any CPU
		{F33180D9-8271-487F-B2EB-1FD8230A7529}.Release|x64.ActiveCfg = Release|Any CPU
		{F33180D9-8271-487F-B2EB-1FD8230A7529}.Release|x64.Build.0 = Release|Any CPU
		{F33180D9-8271-487F-B2EB-1FD8230A7529}.Release|x86.ActiveCfg = Release|Any CPU
		{F33180D9-8271-487F-B2EB-1FD8230A7529}.Release|x86.Build.0 = Release|Any CPU
		{C8C8573D-906D-4214-87A4-0D13B091CE7F}.Debug|Any CPU.ActiveCfg = Debug|Any CPU
		{C8C8573D-906D-4214-87A4-0D13B091CE7F}.Debug|Any CPU.Build.0 = Debug|Any CPU
		{C8C8573D-906D-4214-87A4-0D13B091CE7F}.Debug|x64.ActiveCfg = Debug|Any CPU
		{C8C8573D-906D-4214-87A4-0D13B091CE7F}.Debug|x64.Build.0 = Debug|Any CPU
		{C8C8573D-906D-4214-87A4-0D13B091CE7F}.Debug|x86.ActiveCfg = Debug|Any CPU
		{C8C8573D-906D-4214-87A4-0D13B091CE7F}.Debug|x86.Build.0 = Debug|Any CPU
		{C8C8573D-906D-4214-87A4-0D13B091CE7F}.Release|Any CPU.ActiveCfg = Release|Any CPU
		{C8C8573D-906D-4214-87A4-0D13B091CE7F}.Release|Any CPU.Build.0 = Release|Any CPU
		{C8C8573D-906D-4214-87A4-0D13B091CE7F}.Release|x64.ActiveCfg = Release|Any CPU
		{C8C8573D-906D-4214-87A4-0D13B091CE7F}.Release|x64.Build.0 = Release|Any CPU
		{C8C8573D-906D-4214-87A4-0D13B091CE7F}.Release|x86.ActiveCfg = Release|Any CPU
		{C8C8573D-906D-4214-87A4-0D13B091CE7F}.Release|x86.Build.0 = Release|Any CPU
		{0949FCCB-977D-45A9-9466-35D57BF688FC}.Debug|Any CPU.ActiveCfg = Debug|Any CPU
		{0949FCCB-977D-45A9-9466-35D57BF688FC}.Debug|Any CPU.Build.0 = Debug|Any CPU
		{0949FCCB-977D-45A9-9466-35D57BF688FC}.Debug|x64.ActiveCfg = Debug|Any CPU
		{0949FCCB-977D-45A9-9466-35D57BF688FC}.Debug|x64.Build.0 = Debug|Any CPU
		{0949FCCB-977D-45A9-9466-35D57BF688FC}.Debug|x86.ActiveCfg = Debug|Any CPU
		{0949FCCB-977D-45A9-9466-35D57BF688FC}.Debug|x86.Build.0 = Debug|Any CPU
		{0949FCCB-977D-45A9-9466-35D57BF688FC}.Release|Any CPU.ActiveCfg = Release|Any CPU
		{0949FCCB-977D-45A9-9466-35D57BF688FC}.Release|Any CPU.Build.0 = Release|Any CPU
		{0949FCCB-977D-45A9-9466-35D57BF688FC}.Release|x64.ActiveCfg = Release|Any CPU
		{0949FCCB-977D-45A9-9466-35D57BF688FC}.Release|x64.Build.0 = Release|Any CPU
		{0949FCCB-977D-45A9-9466-35D57BF688FC}.Release|x86.ActiveCfg = Release|Any CPU
		{0949FCCB-977D-45A9-9466-35D57BF688FC}.Release|x86.Build.0 = Release|Any CPU
		{6E583845-3560-4E20-B0D0-C2B92B6515E2}.Debug|Any CPU.ActiveCfg = Debug|Any CPU
		{6E583845-3560-4E20-B0D0-C2B92B6515E2}.Debug|Any CPU.Build.0 = Debug|Any CPU
		{6E583845-3560-4E20-B0D0-C2B92B6515E2}.Debug|x64.ActiveCfg = Debug|Any CPU
		{6E583845-3560-4E20-B0D0-C2B92B6515E2}.Debug|x64.Build.0 = Debug|Any CPU
		{6E583845-3560-4E20-B0D0-C2B92B6515E2}.Debug|x86.ActiveCfg = Debug|Any CPU
		{6E583845-3560-4E20-B0D0-C2B92B6515E2}.Debug|x86.Build.0 = Debug|Any CPU
		{6E583845-3560-4E20-B0D0-C2B92B6515E2}.Release|Any CPU.ActiveCfg = Release|Any CPU
		{6E583845-3560-4E20-B0D0-C2B92B6515E2}.Release|Any CPU.Build.0 = Release|Any CPU
		{6E583845-3560-4E20-B0D0-C2B92B6515E2}.Release|x64.ActiveCfg = Release|Any CPU
		{6E583845-3560-4E20-B0D0-C2B92B6515E2}.Release|x64.Build.0 = Release|Any CPU
		{6E583845-3560-4E20-B0D0-C2B92B6515E2}.Release|x86.ActiveCfg = Release|Any CPU
		{6E583845-3560-4E20-B0D0-C2B92B6515E2}.Release|x86.Build.0 = Release|Any CPU
		{DDD50C0C-FDF9-47D1-BB3A-E338420D9491}.Debug|Any CPU.ActiveCfg = Debug|Any CPU
		{DDD50C0C-FDF9-47D1-BB3A-E338420D9491}.Debug|Any CPU.Build.0 = Debug|Any CPU
		{DDD50C0C-FDF9-47D1-BB3A-E338420D9491}.Debug|x64.ActiveCfg = Debug|Any CPU
		{DDD50C0C-FDF9-47D1-BB3A-E338420D9491}.Debug|x64.Build.0 = Debug|Any CPU
		{DDD50C0C-FDF9-47D1-BB3A-E338420D9491}.Debug|x86.ActiveCfg = Debug|Any CPU
		{DDD50C0C-FDF9-47D1-BB3A-E338420D9491}.Debug|x86.Build.0 = Debug|Any CPU
		{DDD50C0C-FDF9-47D1-BB3A-E338420D9491}.Release|Any CPU.ActiveCfg = Release|Any CPU
		{DDD50C0C-FDF9-47D1-BB3A-E338420D9491}.Release|Any CPU.Build.0 = Release|Any CPU
		{DDD50C0C-FDF9-47D1-BB3A-E338420D9491}.Release|x64.ActiveCfg = Release|Any CPU
		{DDD50C0C-FDF9-47D1-BB3A-E338420D9491}.Release|x64.Build.0 = Release|Any CPU
		{DDD50C0C-FDF9-47D1-BB3A-E338420D9491}.Release|x86.ActiveCfg = Release|Any CPU
		{DDD50C0C-FDF9-47D1-BB3A-E338420D9491}.Release|x86.Build.0 = Release|Any CPU
		{442CC8EB-B807-49CB-8E78-3BDE66662832}.Debug|Any CPU.ActiveCfg = Debug|Any CPU
		{442CC8EB-B807-49CB-8E78-3BDE66662832}.Debug|Any CPU.Build.0 = Debug|Any CPU
		{442CC8EB-B807-49CB-8E78-3BDE66662832}.Debug|x64.ActiveCfg = Debug|Any CPU
		{442CC8EB-B807-49CB-8E78-3BDE66662832}.Debug|x64.Build.0 = Debug|Any CPU
		{442CC8EB-B807-49CB-8E78-3BDE66662832}.Debug|x86.ActiveCfg = Debug|Any CPU
		{442CC8EB-B807-49CB-8E78-3BDE66662832}.Debug|x86.Build.0 = Debug|Any CPU
		{442CC8EB-B807-49CB-8E78-3BDE66662832}.Release|Any CPU.ActiveCfg = Release|Any CPU
		{442CC8EB-B807-49CB-8E78-3BDE66662832}.Release|Any CPU.Build.0 = Release|Any CPU
		{442CC8EB-B807-49CB-8E78-3BDE66662832}.Release|x64.ActiveCfg = Release|Any CPU
		{442CC8EB-B807-49CB-8E78-3BDE66662832}.Release|x64.Build.0 = Release|Any CPU
		{442CC8EB-B807-49CB-8E78-3BDE66662832}.Release|x86.ActiveCfg = Release|Any CPU
		{442CC8EB-B807-49CB-8E78-3BDE66662832}.Release|x86.Build.0 = Release|Any CPU
		{BBC83CBB-8E89-4885-A58A-13867A29EA51}.Debug|Any CPU.ActiveCfg = Debug|Any CPU
		{BBC83CBB-8E89-4885-A58A-13867A29EA51}.Debug|Any CPU.Build.0 = Debug|Any CPU
		{BBC83CBB-8E89-4885-A58A-13867A29EA51}.Debug|x64.ActiveCfg = Debug|Any CPU
		{BBC83CBB-8E89-4885-A58A-13867A29EA51}.Debug|x64.Build.0 = Debug|Any CPU
		{BBC83CBB-8E89-4885-A58A-13867A29EA51}.Debug|x86.ActiveCfg = Debug|Any CPU
		{BBC83CBB-8E89-4885-A58A-13867A29EA51}.Debug|x86.Build.0 = Debug|Any CPU
		{BBC83CBB-8E89-4885-A58A-13867A29EA51}.Release|Any CPU.ActiveCfg = Release|Any CPU
		{BBC83CBB-8E89-4885-A58A-13867A29EA51}.Release|Any CPU.Build.0 = Release|Any CPU
		{BBC83CBB-8E89-4885-A58A-13867A29EA51}.Release|x64.ActiveCfg = Release|Any CPU
		{BBC83CBB-8E89-4885-A58A-13867A29EA51}.Release|x64.Build.0 = Release|Any CPU
		{BBC83CBB-8E89-4885-A58A-13867A29EA51}.Release|x86.ActiveCfg = Release|Any CPU
		{BBC83CBB-8E89-4885-A58A-13867A29EA51}.Release|x86.Build.0 = Release|Any CPU
		{B4F0536B-5869-49D7-8DB0-E639E1FC0E8B}.Debug|Any CPU.ActiveCfg = Debug|Any CPU
		{B4F0536B-5869-49D7-8DB0-E639E1FC0E8B}.Debug|Any CPU.Build.0 = Debug|Any CPU
		{B4F0536B-5869-49D7-8DB0-E639E1FC0E8B}.Debug|x64.ActiveCfg = Debug|Any CPU
		{B4F0536B-5869-49D7-8DB0-E639E1FC0E8B}.Debug|x64.Build.0 = Debug|Any CPU
		{B4F0536B-5869-49D7-8DB0-E639E1FC0E8B}.Debug|x86.ActiveCfg = Debug|Any CPU
		{B4F0536B-5869-49D7-8DB0-E639E1FC0E8B}.Debug|x86.Build.0 = Debug|Any CPU
		{B4F0536B-5869-49D7-8DB0-E639E1FC0E8B}.Release|Any CPU.ActiveCfg = Release|Any CPU
		{B4F0536B-5869-49D7-8DB0-E639E1FC0E8B}.Release|Any CPU.Build.0 = Release|Any CPU
		{B4F0536B-5869-49D7-8DB0-E639E1FC0E8B}.Release|x64.ActiveCfg = Release|Any CPU
		{B4F0536B-5869-49D7-8DB0-E639E1FC0E8B}.Release|x64.Build.0 = Release|Any CPU
		{B4F0536B-5869-49D7-8DB0-E639E1FC0E8B}.Release|x86.ActiveCfg = Release|Any CPU
		{B4F0536B-5869-49D7-8DB0-E639E1FC0E8B}.Release|x86.Build.0 = Release|Any CPU
		{BEDC55A3-DC4D-4430-BE15-DEB3246DFE3F}.Debug|Any CPU.ActiveCfg = Debug|Any CPU
		{BEDC55A3-DC4D-4430-BE15-DEB3246DFE3F}.Debug|Any CPU.Build.0 = Debug|Any CPU
		{BEDC55A3-DC4D-4430-BE15-DEB3246DFE3F}.Debug|x64.ActiveCfg = Debug|Any CPU
		{BEDC55A3-DC4D-4430-BE15-DEB3246DFE3F}.Debug|x64.Build.0 = Debug|Any CPU
		{BEDC55A3-DC4D-4430-BE15-DEB3246DFE3F}.Debug|x86.ActiveCfg = Debug|Any CPU
		{BEDC55A3-DC4D-4430-BE15-DEB3246DFE3F}.Debug|x86.Build.0 = Debug|Any CPU
		{BEDC55A3-DC4D-4430-BE15-DEB3246DFE3F}.Release|Any CPU.ActiveCfg = Release|Any CPU
		{BEDC55A3-DC4D-4430-BE15-DEB3246DFE3F}.Release|Any CPU.Build.0 = Release|Any CPU
		{BEDC55A3-DC4D-4430-BE15-DEB3246DFE3F}.Release|x64.ActiveCfg = Release|Any CPU
		{BEDC55A3-DC4D-4430-BE15-DEB3246DFE3F}.Release|x64.Build.0 = Release|Any CPU
		{BEDC55A3-DC4D-4430-BE15-DEB3246DFE3F}.Release|x86.ActiveCfg = Release|Any CPU
		{BEDC55A3-DC4D-4430-BE15-DEB3246DFE3F}.Release|x86.Build.0 = Release|Any CPU
		{0B525568-2EDA-45E0-89BD-3B66FEFDB7B1}.Debug|Any CPU.ActiveCfg = Debug|Any CPU
		{0B525568-2EDA-45E0-89BD-3B66FEFDB7B1}.Debug|Any CPU.Build.0 = Debug|Any CPU
		{0B525568-2EDA-45E0-89BD-3B66FEFDB7B1}.Debug|x64.ActiveCfg = Debug|Any CPU
		{0B525568-2EDA-45E0-89BD-3B66FEFDB7B1}.Debug|x64.Build.0 = Debug|Any CPU
		{0B525568-2EDA-45E0-89BD-3B66FEFDB7B1}.Debug|x86.ActiveCfg = Debug|Any CPU
		{0B525568-2EDA-45E0-89BD-3B66FEFDB7B1}.Debug|x86.Build.0 = Debug|Any CPU
		{0B525568-2EDA-45E0-89BD-3B66FEFDB7B1}.Release|Any CPU.ActiveCfg = Release|Any CPU
		{0B525568-2EDA-45E0-89BD-3B66FEFDB7B1}.Release|Any CPU.Build.0 = Release|Any CPU
		{0B525568-2EDA-45E0-89BD-3B66FEFDB7B1}.Release|x64.ActiveCfg = Release|Any CPU
		{0B525568-2EDA-45E0-89BD-3B66FEFDB7B1}.Release|x64.Build.0 = Release|Any CPU
		{0B525568-2EDA-45E0-89BD-3B66FEFDB7B1}.Release|x86.ActiveCfg = Release|Any CPU
		{0B525568-2EDA-45E0-89BD-3B66FEFDB7B1}.Release|x86.Build.0 = Release|Any CPU
		{17959EA0-0F41-4741-B9B6-44592294B203}.Debug|Any CPU.ActiveCfg = Debug|Any CPU
		{17959EA0-0F41-4741-B9B6-44592294B203}.Debug|Any CPU.Build.0 = Debug|Any CPU
		{17959EA0-0F41-4741-B9B6-44592294B203}.Debug|x64.ActiveCfg = Debug|Any CPU
		{17959EA0-0F41-4741-B9B6-44592294B203}.Debug|x64.Build.0 = Debug|Any CPU
		{17959EA0-0F41-4741-B9B6-44592294B203}.Debug|x86.ActiveCfg = Debug|Any CPU
		{17959EA0-0F41-4741-B9B6-44592294B203}.Debug|x86.Build.0 = Debug|Any CPU
		{17959EA0-0F41-4741-B9B6-44592294B203}.Release|Any CPU.ActiveCfg = Release|Any CPU
		{17959EA0-0F41-4741-B9B6-44592294B203}.Release|Any CPU.Build.0 = Release|Any CPU
		{17959EA0-0F41-4741-B9B6-44592294B203}.Release|x64.ActiveCfg = Release|Any CPU
		{17959EA0-0F41-4741-B9B6-44592294B203}.Release|x64.Build.0 = Release|Any CPU
		{17959EA0-0F41-4741-B9B6-44592294B203}.Release|x86.ActiveCfg = Release|Any CPU
		{17959EA0-0F41-4741-B9B6-44592294B203}.Release|x86.Build.0 = Release|Any CPU
		{A0D80F31-70D7-4BCD-B4C2-F2D680B11018}.Debug|Any CPU.ActiveCfg = Debug|Any CPU
		{A0D80F31-70D7-4BCD-B4C2-F2D680B11018}.Debug|Any CPU.Build.0 = Debug|Any CPU
		{A0D80F31-70D7-4BCD-B4C2-F2D680B11018}.Debug|x64.ActiveCfg = Debug|Any CPU
		{A0D80F31-70D7-4BCD-B4C2-F2D680B11018}.Debug|x64.Build.0 = Debug|Any CPU
		{A0D80F31-70D7-4BCD-B4C2-F2D680B11018}.Debug|x86.ActiveCfg = Debug|Any CPU
		{A0D80F31-70D7-4BCD-B4C2-F2D680B11018}.Debug|x86.Build.0 = Debug|Any CPU
		{A0D80F31-70D7-4BCD-B4C2-F2D680B11018}.Release|Any CPU.ActiveCfg = Release|Any CPU
		{A0D80F31-70D7-4BCD-B4C2-F2D680B11018}.Release|Any CPU.Build.0 = Release|Any CPU
		{A0D80F31-70D7-4BCD-B4C2-F2D680B11018}.Release|x64.ActiveCfg = Release|Any CPU
		{A0D80F31-70D7-4BCD-B4C2-F2D680B11018}.Release|x64.Build.0 = Release|Any CPU
		{A0D80F31-70D7-4BCD-B4C2-F2D680B11018}.Release|x86.ActiveCfg = Release|Any CPU
		{A0D80F31-70D7-4BCD-B4C2-F2D680B11018}.Release|x86.Build.0 = Release|Any CPU
		{312A8A49-2C35-4A0B-B6AA-9B840843C9BF}.Debug|Any CPU.ActiveCfg = Debug|Any CPU
		{312A8A49-2C35-4A0B-B6AA-9B840843C9BF}.Debug|Any CPU.Build.0 = Debug|Any CPU
		{312A8A49-2C35-4A0B-B6AA-9B840843C9BF}.Debug|x64.ActiveCfg = Debug|Any CPU
		{312A8A49-2C35-4A0B-B6AA-9B840843C9BF}.Debug|x64.Build.0 = Debug|Any CPU
		{312A8A49-2C35-4A0B-B6AA-9B840843C9BF}.Debug|x86.ActiveCfg = Debug|Any CPU
		{312A8A49-2C35-4A0B-B6AA-9B840843C9BF}.Debug|x86.Build.0 = Debug|Any CPU
		{312A8A49-2C35-4A0B-B6AA-9B840843C9BF}.Release|Any CPU.ActiveCfg = Release|Any CPU
		{312A8A49-2C35-4A0B-B6AA-9B840843C9BF}.Release|Any CPU.Build.0 = Release|Any CPU
		{312A8A49-2C35-4A0B-B6AA-9B840843C9BF}.Release|x64.ActiveCfg = Release|Any CPU
		{312A8A49-2C35-4A0B-B6AA-9B840843C9BF}.Release|x64.Build.0 = Release|Any CPU
		{312A8A49-2C35-4A0B-B6AA-9B840843C9BF}.Release|x86.ActiveCfg = Release|Any CPU
		{312A8A49-2C35-4A0B-B6AA-9B840843C9BF}.Release|x86.Build.0 = Release|Any CPU
		{F9AD6110-7E81-4324-B79F-41B55D384279}.Debug|Any CPU.ActiveCfg = Debug|Any CPU
		{F9AD6110-7E81-4324-B79F-41B55D384279}.Debug|Any CPU.Build.0 = Debug|Any CPU
		{F9AD6110-7E81-4324-B79F-41B55D384279}.Debug|x64.ActiveCfg = Debug|Any CPU
		{F9AD6110-7E81-4324-B79F-41B55D384279}.Debug|x64.Build.0 = Debug|Any CPU
		{F9AD6110-7E81-4324-B79F-41B55D384279}.Debug|x86.ActiveCfg = Debug|Any CPU
		{F9AD6110-7E81-4324-B79F-41B55D384279}.Debug|x86.Build.0 = Debug|Any CPU
		{F9AD6110-7E81-4324-B79F-41B55D384279}.Release|Any CPU.ActiveCfg = Release|Any CPU
		{F9AD6110-7E81-4324-B79F-41B55D384279}.Release|Any CPU.Build.0 = Release|Any CPU
		{F9AD6110-7E81-4324-B79F-41B55D384279}.Release|x64.ActiveCfg = Release|Any CPU
		{F9AD6110-7E81-4324-B79F-41B55D384279}.Release|x64.Build.0 = Release|Any CPU
		{F9AD6110-7E81-4324-B79F-41B55D384279}.Release|x86.ActiveCfg = Release|Any CPU
		{F9AD6110-7E81-4324-B79F-41B55D384279}.Release|x86.Build.0 = Release|Any CPU
		{1F2E4318-D7B9-4F4E-B07E-FC82F6072DDB}.Debug|Any CPU.ActiveCfg = Debug|Any CPU
		{1F2E4318-D7B9-4F4E-B07E-FC82F6072DDB}.Debug|Any CPU.Build.0 = Debug|Any CPU
		{1F2E4318-D7B9-4F4E-B07E-FC82F6072DDB}.Debug|x64.ActiveCfg = Debug|Any CPU
		{1F2E4318-D7B9-4F4E-B07E-FC82F6072DDB}.Debug|x64.Build.0 = Debug|Any CPU
		{1F2E4318-D7B9-4F4E-B07E-FC82F6072DDB}.Debug|x86.ActiveCfg = Debug|Any CPU
		{1F2E4318-D7B9-4F4E-B07E-FC82F6072DDB}.Debug|x86.Build.0 = Debug|Any CPU
		{1F2E4318-D7B9-4F4E-B07E-FC82F6072DDB}.Release|Any CPU.ActiveCfg = Release|Any CPU
		{1F2E4318-D7B9-4F4E-B07E-FC82F6072DDB}.Release|Any CPU.Build.0 = Release|Any CPU
		{1F2E4318-D7B9-4F4E-B07E-FC82F6072DDB}.Release|x64.ActiveCfg = Release|Any CPU
		{1F2E4318-D7B9-4F4E-B07E-FC82F6072DDB}.Release|x64.Build.0 = Release|Any CPU
		{1F2E4318-D7B9-4F4E-B07E-FC82F6072DDB}.Release|x86.ActiveCfg = Release|Any CPU
		{1F2E4318-D7B9-4F4E-B07E-FC82F6072DDB}.Release|x86.Build.0 = Release|Any CPU
		{55514755-023F-46D1-A1A0-D5055BC4507F}.Debug|Any CPU.ActiveCfg = Debug|Any CPU
		{55514755-023F-46D1-A1A0-D5055BC4507F}.Debug|Any CPU.Build.0 = Debug|Any CPU
		{55514755-023F-46D1-A1A0-D5055BC4507F}.Debug|x64.ActiveCfg = Debug|Any CPU
		{55514755-023F-46D1-A1A0-D5055BC4507F}.Debug|x64.Build.0 = Debug|Any CPU
		{55514755-023F-46D1-A1A0-D5055BC4507F}.Debug|x86.ActiveCfg = Debug|Any CPU
		{55514755-023F-46D1-A1A0-D5055BC4507F}.Debug|x86.Build.0 = Debug|Any CPU
		{55514755-023F-46D1-A1A0-D5055BC4507F}.Release|Any CPU.ActiveCfg = Release|Any CPU
		{55514755-023F-46D1-A1A0-D5055BC4507F}.Release|Any CPU.Build.0 = Release|Any CPU
		{55514755-023F-46D1-A1A0-D5055BC4507F}.Release|x64.ActiveCfg = Release|Any CPU
		{55514755-023F-46D1-A1A0-D5055BC4507F}.Release|x64.Build.0 = Release|Any CPU
		{55514755-023F-46D1-A1A0-D5055BC4507F}.Release|x86.ActiveCfg = Release|Any CPU
		{55514755-023F-46D1-A1A0-D5055BC4507F}.Release|x86.Build.0 = Release|Any CPU
		{9C3AA445-6FC4-414F-9408-49ABAE8D639A}.Debug|Any CPU.ActiveCfg = Debug|Any CPU
		{9C3AA445-6FC4-414F-9408-49ABAE8D639A}.Debug|Any CPU.Build.0 = Debug|Any CPU
		{9C3AA445-6FC4-414F-9408-49ABAE8D639A}.Debug|x64.ActiveCfg = Debug|Any CPU
		{9C3AA445-6FC4-414F-9408-49ABAE8D639A}.Debug|x64.Build.0 = Debug|Any CPU
		{9C3AA445-6FC4-414F-9408-49ABAE8D639A}.Debug|x86.ActiveCfg = Debug|Any CPU
		{9C3AA445-6FC4-414F-9408-49ABAE8D639A}.Debug|x86.Build.0 = Debug|Any CPU
		{9C3AA445-6FC4-414F-9408-49ABAE8D639A}.Release|Any CPU.ActiveCfg = Release|Any CPU
		{9C3AA445-6FC4-414F-9408-49ABAE8D639A}.Release|Any CPU.Build.0 = Release|Any CPU
		{9C3AA445-6FC4-414F-9408-49ABAE8D639A}.Release|x64.ActiveCfg = Release|Any CPU
		{9C3AA445-6FC4-414F-9408-49ABAE8D639A}.Release|x64.Build.0 = Release|Any CPU
		{9C3AA445-6FC4-414F-9408-49ABAE8D639A}.Release|x86.ActiveCfg = Release|Any CPU
		{9C3AA445-6FC4-414F-9408-49ABAE8D639A}.Release|x86.Build.0 = Release|Any CPU
		{82F16AE9-74FD-4B43-99F7-F232EDC8768A}.Debug|Any CPU.ActiveCfg = Debug|Any CPU
		{82F16AE9-74FD-4B43-99F7-F232EDC8768A}.Debug|Any CPU.Build.0 = Debug|Any CPU
		{82F16AE9-74FD-4B43-99F7-F232EDC8768A}.Debug|x64.ActiveCfg = Debug|Any CPU
		{82F16AE9-74FD-4B43-99F7-F232EDC8768A}.Debug|x64.Build.0 = Debug|Any CPU
		{82F16AE9-74FD-4B43-99F7-F232EDC8768A}.Debug|x86.ActiveCfg = Debug|Any CPU
		{82F16AE9-74FD-4B43-99F7-F232EDC8768A}.Debug|x86.Build.0 = Debug|Any CPU
		{82F16AE9-74FD-4B43-99F7-F232EDC8768A}.Release|Any CPU.ActiveCfg = Release|Any CPU
		{82F16AE9-74FD-4B43-99F7-F232EDC8768A}.Release|Any CPU.Build.0 = Release|Any CPU
		{82F16AE9-74FD-4B43-99F7-F232EDC8768A}.Release|x64.ActiveCfg = Release|Any CPU
		{82F16AE9-74FD-4B43-99F7-F232EDC8768A}.Release|x64.Build.0 = Release|Any CPU
		{82F16AE9-74FD-4B43-99F7-F232EDC8768A}.Release|x86.ActiveCfg = Release|Any CPU
		{82F16AE9-74FD-4B43-99F7-F232EDC8768A}.Release|x86.Build.0 = Release|Any CPU
		{46577FC4-DDE7-4F93-A398-74D77998CEC1}.Debug|Any CPU.ActiveCfg = Debug|Any CPU
		{46577FC4-DDE7-4F93-A398-74D77998CEC1}.Debug|Any CPU.Build.0 = Debug|Any CPU
		{46577FC4-DDE7-4F93-A398-74D77998CEC1}.Debug|x64.ActiveCfg = Debug|Any CPU
		{46577FC4-DDE7-4F93-A398-74D77998CEC1}.Debug|x64.Build.0 = Debug|Any CPU
		{46577FC4-DDE7-4F93-A398-74D77998CEC1}.Debug|x86.ActiveCfg = Debug|Any CPU
		{46577FC4-DDE7-4F93-A398-74D77998CEC1}.Debug|x86.Build.0 = Debug|Any CPU
		{46577FC4-DDE7-4F93-A398-74D77998CEC1}.Release|Any CPU.ActiveCfg = Release|Any CPU
		{46577FC4-DDE7-4F93-A398-74D77998CEC1}.Release|Any CPU.Build.0 = Release|Any CPU
		{46577FC4-DDE7-4F93-A398-74D77998CEC1}.Release|x64.ActiveCfg = Release|Any CPU
		{46577FC4-DDE7-4F93-A398-74D77998CEC1}.Release|x64.Build.0 = Release|Any CPU
		{46577FC4-DDE7-4F93-A398-74D77998CEC1}.Release|x86.ActiveCfg = Release|Any CPU
		{46577FC4-DDE7-4F93-A398-74D77998CEC1}.Release|x86.Build.0 = Release|Any CPU
		{E0020793-4CEE-47FF-9A6A-FEB02B7CC891}.Debug|Any CPU.ActiveCfg = Debug|Any CPU
		{E0020793-4CEE-47FF-9A6A-FEB02B7CC891}.Debug|Any CPU.Build.0 = Debug|Any CPU
		{E0020793-4CEE-47FF-9A6A-FEB02B7CC891}.Debug|x64.ActiveCfg = Debug|Any CPU
		{E0020793-4CEE-47FF-9A6A-FEB02B7CC891}.Debug|x64.Build.0 = Debug|Any CPU
		{E0020793-4CEE-47FF-9A6A-FEB02B7CC891}.Debug|x86.ActiveCfg = Debug|Any CPU
		{E0020793-4CEE-47FF-9A6A-FEB02B7CC891}.Debug|x86.Build.0 = Debug|Any CPU
		{E0020793-4CEE-47FF-9A6A-FEB02B7CC891}.Release|Any CPU.ActiveCfg = Release|Any CPU
		{E0020793-4CEE-47FF-9A6A-FEB02B7CC891}.Release|Any CPU.Build.0 = Release|Any CPU
		{E0020793-4CEE-47FF-9A6A-FEB02B7CC891}.Release|x64.ActiveCfg = Release|Any CPU
		{E0020793-4CEE-47FF-9A6A-FEB02B7CC891}.Release|x64.Build.0 = Release|Any CPU
		{E0020793-4CEE-47FF-9A6A-FEB02B7CC891}.Release|x86.ActiveCfg = Release|Any CPU
		{E0020793-4CEE-47FF-9A6A-FEB02B7CC891}.Release|x86.Build.0 = Release|Any CPU
		{698FF1D6-2F24-4FB6-AE59-047F567D97BA}.Debug|Any CPU.ActiveCfg = Debug|Any CPU
		{698FF1D6-2F24-4FB6-AE59-047F567D97BA}.Debug|Any CPU.Build.0 = Debug|Any CPU
		{698FF1D6-2F24-4FB6-AE59-047F567D97BA}.Debug|x64.ActiveCfg = Debug|Any CPU
		{698FF1D6-2F24-4FB6-AE59-047F567D97BA}.Debug|x64.Build.0 = Debug|Any CPU
		{698FF1D6-2F24-4FB6-AE59-047F567D97BA}.Debug|x86.ActiveCfg = Debug|Any CPU
		{698FF1D6-2F24-4FB6-AE59-047F567D97BA}.Debug|x86.Build.0 = Debug|Any CPU
		{698FF1D6-2F24-4FB6-AE59-047F567D97BA}.Release|Any CPU.ActiveCfg = Release|Any CPU
		{698FF1D6-2F24-4FB6-AE59-047F567D97BA}.Release|Any CPU.Build.0 = Release|Any CPU
		{698FF1D6-2F24-4FB6-AE59-047F567D97BA}.Release|x64.ActiveCfg = Release|Any CPU
		{698FF1D6-2F24-4FB6-AE59-047F567D97BA}.Release|x64.Build.0 = Release|Any CPU
		{698FF1D6-2F24-4FB6-AE59-047F567D97BA}.Release|x86.ActiveCfg = Release|Any CPU
		{698FF1D6-2F24-4FB6-AE59-047F567D97BA}.Release|x86.Build.0 = Release|Any CPU
		{0CF417EA-9068-4543-9807-A4BF6C849556}.Debug|Any CPU.ActiveCfg = Debug|Any CPU
		{0CF417EA-9068-4543-9807-A4BF6C849556}.Debug|Any CPU.Build.0 = Debug|Any CPU
		{0CF417EA-9068-4543-9807-A4BF6C849556}.Debug|x64.ActiveCfg = Debug|Any CPU
		{0CF417EA-9068-4543-9807-A4BF6C849556}.Debug|x64.Build.0 = Debug|Any CPU
		{0CF417EA-9068-4543-9807-A4BF6C849556}.Debug|x86.ActiveCfg = Debug|Any CPU
		{0CF417EA-9068-4543-9807-A4BF6C849556}.Debug|x86.Build.0 = Debug|Any CPU
		{0CF417EA-9068-4543-9807-A4BF6C849556}.Release|Any CPU.ActiveCfg = Release|Any CPU
		{0CF417EA-9068-4543-9807-A4BF6C849556}.Release|Any CPU.Build.0 = Release|Any CPU
		{0CF417EA-9068-4543-9807-A4BF6C849556}.Release|x64.ActiveCfg = Release|Any CPU
		{0CF417EA-9068-4543-9807-A4BF6C849556}.Release|x64.Build.0 = Release|Any CPU
		{0CF417EA-9068-4543-9807-A4BF6C849556}.Release|x86.ActiveCfg = Release|Any CPU
		{0CF417EA-9068-4543-9807-A4BF6C849556}.Release|x86.Build.0 = Release|Any CPU
		{819814AB-39CC-4D97-9830-4783EC85990B}.Debug|Any CPU.ActiveCfg = Debug|Any CPU
		{819814AB-39CC-4D97-9830-4783EC85990B}.Debug|Any CPU.Build.0 = Debug|Any CPU
		{819814AB-39CC-4D97-9830-4783EC85990B}.Debug|x64.ActiveCfg = Debug|Any CPU
		{819814AB-39CC-4D97-9830-4783EC85990B}.Debug|x64.Build.0 = Debug|Any CPU
		{819814AB-39CC-4D97-9830-4783EC85990B}.Debug|x86.ActiveCfg = Debug|Any CPU
		{819814AB-39CC-4D97-9830-4783EC85990B}.Debug|x86.Build.0 = Debug|Any CPU
		{819814AB-39CC-4D97-9830-4783EC85990B}.Release|Any CPU.ActiveCfg = Release|Any CPU
		{819814AB-39CC-4D97-9830-4783EC85990B}.Release|Any CPU.Build.0 = Release|Any CPU
		{819814AB-39CC-4D97-9830-4783EC85990B}.Release|x64.ActiveCfg = Release|Any CPU
		{819814AB-39CC-4D97-9830-4783EC85990B}.Release|x64.Build.0 = Release|Any CPU
		{819814AB-39CC-4D97-9830-4783EC85990B}.Release|x86.ActiveCfg = Release|Any CPU
		{819814AB-39CC-4D97-9830-4783EC85990B}.Release|x86.Build.0 = Release|Any CPU
		{B460B836-4EBD-4A13-8420-09E074B315B9}.Debug|Any CPU.ActiveCfg = Debug|Any CPU
		{B460B836-4EBD-4A13-8420-09E074B315B9}.Debug|Any CPU.Build.0 = Debug|Any CPU
		{B460B836-4EBD-4A13-8420-09E074B315B9}.Debug|x64.ActiveCfg = Debug|Any CPU
		{B460B836-4EBD-4A13-8420-09E074B315B9}.Debug|x64.Build.0 = Debug|Any CPU
		{B460B836-4EBD-4A13-8420-09E074B315B9}.Debug|x86.ActiveCfg = Debug|Any CPU
		{B460B836-4EBD-4A13-8420-09E074B315B9}.Debug|x86.Build.0 = Debug|Any CPU
		{B460B836-4EBD-4A13-8420-09E074B315B9}.Release|Any CPU.ActiveCfg = Release|Any CPU
		{B460B836-4EBD-4A13-8420-09E074B315B9}.Release|Any CPU.Build.0 = Release|Any CPU
		{B460B836-4EBD-4A13-8420-09E074B315B9}.Release|x64.ActiveCfg = Release|Any CPU
		{B460B836-4EBD-4A13-8420-09E074B315B9}.Release|x64.Build.0 = Release|Any CPU
		{B460B836-4EBD-4A13-8420-09E074B315B9}.Release|x86.ActiveCfg = Release|Any CPU
		{B460B836-4EBD-4A13-8420-09E074B315B9}.Release|x86.Build.0 = Release|Any CPU
		{37E1B544-0B86-4325-8D53-9CA514161CD2}.Debug|Any CPU.ActiveCfg = Debug|Any CPU
		{37E1B544-0B86-4325-8D53-9CA514161CD2}.Debug|Any CPU.Build.0 = Debug|Any CPU
		{37E1B544-0B86-4325-8D53-9CA514161CD2}.Debug|x64.ActiveCfg = Debug|Any CPU
		{37E1B544-0B86-4325-8D53-9CA514161CD2}.Debug|x64.Build.0 = Debug|Any CPU
		{37E1B544-0B86-4325-8D53-9CA514161CD2}.Debug|x86.ActiveCfg = Debug|Any CPU
		{37E1B544-0B86-4325-8D53-9CA514161CD2}.Debug|x86.Build.0 = Debug|Any CPU
		{37E1B544-0B86-4325-8D53-9CA514161CD2}.Release|Any CPU.ActiveCfg = Release|Any CPU
		{37E1B544-0B86-4325-8D53-9CA514161CD2}.Release|Any CPU.Build.0 = Release|Any CPU
		{37E1B544-0B86-4325-8D53-9CA514161CD2}.Release|x64.ActiveCfg = Release|Any CPU
		{37E1B544-0B86-4325-8D53-9CA514161CD2}.Release|x64.Build.0 = Release|Any CPU
		{37E1B544-0B86-4325-8D53-9CA514161CD2}.Release|x86.ActiveCfg = Release|Any CPU
		{37E1B544-0B86-4325-8D53-9CA514161CD2}.Release|x86.Build.0 = Release|Any CPU
		{6F7389D2-0437-4BD1-BE3C-FDFCE7B4D117}.Debug|Any CPU.ActiveCfg = Debug|Any CPU
		{6F7389D2-0437-4BD1-BE3C-FDFCE7B4D117}.Debug|Any CPU.Build.0 = Debug|Any CPU
		{6F7389D2-0437-4BD1-BE3C-FDFCE7B4D117}.Debug|x64.ActiveCfg = Debug|Any CPU
		{6F7389D2-0437-4BD1-BE3C-FDFCE7B4D117}.Debug|x64.Build.0 = Debug|Any CPU
		{6F7389D2-0437-4BD1-BE3C-FDFCE7B4D117}.Debug|x86.ActiveCfg = Debug|Any CPU
		{6F7389D2-0437-4BD1-BE3C-FDFCE7B4D117}.Debug|x86.Build.0 = Debug|Any CPU
		{6F7389D2-0437-4BD1-BE3C-FDFCE7B4D117}.Release|Any CPU.ActiveCfg = Release|Any CPU
		{6F7389D2-0437-4BD1-BE3C-FDFCE7B4D117}.Release|Any CPU.Build.0 = Release|Any CPU
		{6F7389D2-0437-4BD1-BE3C-FDFCE7B4D117}.Release|x64.ActiveCfg = Release|Any CPU
		{6F7389D2-0437-4BD1-BE3C-FDFCE7B4D117}.Release|x64.Build.0 = Release|Any CPU
		{6F7389D2-0437-4BD1-BE3C-FDFCE7B4D117}.Release|x86.ActiveCfg = Release|Any CPU
		{6F7389D2-0437-4BD1-BE3C-FDFCE7B4D117}.Release|x86.Build.0 = Release|Any CPU
	EndGlobalSection
	GlobalSection(SolutionProperties) = preSolution
		HideSolutionNode = FALSE
	EndGlobalSection
	GlobalSection(NestedProjects) = preSolution
		{3BBA3150-E309-4A51-81F9-42B8F4F99A6B} = {D96E285E-51B0-43C0-9B41-FB37510749BE}
		{B0A29D20-587D-45EF-AAFD-D3134C16D8BD} = {D96E285E-51B0-43C0-9B41-FB37510749BE}
		{5579D515-128C-4A7A-915A-12062B57F5C3} = {D96E285E-51B0-43C0-9B41-FB37510749BE}
		{187C77B9-5D6A-4D46-A52A-90AFC570FF49} = {D96E285E-51B0-43C0-9B41-FB37510749BE}
		{F33180D9-8271-487F-B2EB-1FD8230A7529} = {D96E285E-51B0-43C0-9B41-FB37510749BE}
		{B4F0536B-5869-49D7-8DB0-E639E1FC0E8B} = {95036337-2690-4EAB-A0E8-BA845AC8605A}
		{BEDC55A3-DC4D-4430-BE15-DEB3246DFE3F} = {D96E285E-51B0-43C0-9B41-FB37510749BE}
		{A0D80F31-70D7-4BCD-B4C2-F2D680B11018} = {D96E285E-51B0-43C0-9B41-FB37510749BE}
		{312A8A49-2C35-4A0B-B6AA-9B840843C9BF} = {D96E285E-51B0-43C0-9B41-FB37510749BE}
		{F9AD6110-7E81-4324-B79F-41B55D384279} = {D96E285E-51B0-43C0-9B41-FB37510749BE}
		{82F16AE9-74FD-4B43-99F7-F232EDC8768A} = {D96E285E-51B0-43C0-9B41-FB37510749BE}
		{698FF1D6-2F24-4FB6-AE59-047F567D97BA} = {B76DB9EF-60FD-4550-AFDF-B5EB2E7512BF}
		{37E1B544-0B86-4325-8D53-9CA514161CD2} = {D96E285E-51B0-43C0-9B41-FB37510749BE}
		{6F7389D2-0437-4BD1-BE3C-FDFCE7B4D117} = {D96E285E-51B0-43C0-9B41-FB37510749BE}
	EndGlobalSection
	GlobalSection(ExtensibilityGlobals) = postSolution
		SolutionGuid = {422D2236-486B-4FB4-8A07-B7971C868D93}
	EndGlobalSection
EndGlobal
